<?xml version="1.0" encoding="UTF-8" standalone="yes" ?>
<CodeBlocks_project_file>
	<FileVersion major="1" minor="6" />
	<Project>
		<Option title="hazifeladat" />
		<Option pch_mode="2" />
		<Option compiler="gcc" />
		<Build>
			<Target title="Debug">
				<Option output="bin/Debug/hazifeladat" prefix_auto="1" extension_auto="1" />
				<Option object_output="obj/Debug/" />
				<Option type="1" />
				<Option compiler="gcc" />
				<Compiler>
					<Add option="-g" />
				</Compiler>
			</Target>
			<Target title="Release">
				<Option output="bin/Release/hazifeladat" prefix_auto="1" extension_auto="1" />
				<Option object_output="obj/Release/" />
				<Option type="1" />
				<Option compiler="gcc" />
				<Compiler>
					<Add option="-O2" />
				</Compiler>
				<Linker>
					<Add option="-s" />
				</Linker>
			</Target>
		</Build>
		<Compiler>
			<Add option="-Wall" />
		</Compiler>
		<Unit filename="adatszerkezet/adatszerkezet.h" />
		<Unit filename="debugmalloc.h" />
		<Unit filename="fajlkezeles/fajlkezeles.c">
			<Option compilerVar="CC" />
		</Unit>
		<Unit filename="fajlkezeles/fajlkezeles.h" />
		<Unit filename="feladatok/kereses.c">
			<Option compilerVar="CC" />
		</Unit>
		<Unit filename="feladatok/kereses.h" />
		<Unit filename="feladatok/letrehozas.c">
			<Option compilerVar="CC" />
		</Unit>
		<Unit filename="feladatok/letrehozas.h" />
		<Unit filename="feladatok/torles.c">
			<Option compilerVar="CC" />
		</Unit>
		<Unit filename="feladatok/torles.h" />
		<Unit filename="main.c">
			<Option compilerVar="CC" />
		</Unit>
		<Unit filename="menu/menu.c">
			<Option compilerVar="CC" />
		</Unit>
		<Unit filename="menu/menu.h" />
		<Unit filename="segedfuggvenyek/segedfuggvenyek.c">
			<Option compilerVar="CC" />
		</Unit>
		<Unit filename="segedfuggvenyek/segedfuggvenyek.h" />
		<Extensions>
			<lib_finder disable_auto="1" />
		</Extensions>
	</Project>
</CodeBlocks_project_file>
